
Microsoft Visual Studio Solution File, Format Version 12.00
# Visual Studio Version 17
VisualStudioVersion = 17.8.34330.188
MinimumVisualStudioVersion = 10.0.40219.1
Project("{FAE04EC0-301F-11D3-BF4B-00C04F79EFBC}") = "E045_Tobbdimenzios_tombok_(matrixok)", "E045_Tobbdimenzios_tombok_(matrixok)\E045_Tobbdimenzios_tombok_(matrixok).csproj", "{F9A6415B-970E-4A02-A2E1-9D31E69DFDFD}"
EndProject
Global
	GlobalSection(SolutionConfigurationPlatforms) = preSolution
		Debug|Any CPU = Debug|Any CPU
		Release|Any CPU = Release|Any CPU
	EndGlobalSection
	GlobalSection(ProjectConfigurationPlatforms) = postSolution
		{F9A6415B-970E-4A02-A2E1-9D31E69DFDFD}.Debug|Any CPU.ActiveCfg = Debug|Any CPU
		{F9A6415B-970E-4A02-A2E1-9D31E69DFDFD}.Debug|Any CPU.Build.0 = Debug|Any CPU
		{F9A6415B-970E-4A02-A2E1-9D31E69DFDFD}.Release|Any CPU.ActiveCfg = Release|Any CPU
		{F9A6415B-970E-4A02-A2E1-9D31E69DFDFD}.Release|Any CPU.Build.0 = Release|Any CPU
	EndGlobalSection
	GlobalSection(SolutionProperties) = preSolution
		HideSolutionNode = FALSE
	EndGlobalSection
	GlobalSection(ExtensibilityGlobals) = postSolution
		SolutionGuid = {3A991D15-D065-4781-8A61-1DE8B4C60A97}
	EndGlobalSection
EndGlobal
