
Microsoft Visual Studio Solution File, Format Version 12.00
# Visual Studio Version 17
VisualStudioVersion = 17.8.34330.188
MinimumVisualStudioVersion = 10.0.40219.1
Project("{FAE04EC0-301F-11D3-BF4B-00C04F79EFBC}") = "C024_Ciklusok", "C024_Ciklusok\C024_Ciklusok.csproj", "{7F7F2F54-27A5-4515-A72C-CC0FA9725AA6}"
EndProject
Global
	GlobalSection(SolutionConfigurationPlatforms) = preSolution
		Debug|Any CPU = Debug|Any CPU
		Release|Any CPU = Release|Any CPU
	EndGlobalSection
	GlobalSection(ProjectConfigurationPlatforms) = postSolution
		{7F7F2F54-27A5-4515-A72C-CC0FA9725AA6}.Debug|Any CPU.ActiveCfg = Debug|Any CPU
		{7F7F2F54-27A5-4515-A72C-CC0FA9725AA6}.Debug|Any CPU.Build.0 = Debug|Any CPU
		{7F7F2F54-27A5-4515-A72C-CC0FA9725AA6}.Release|Any CPU.ActiveCfg = Release|Any CPU
		{7F7F2F54-27A5-4515-A72C-CC0FA9725AA6}.Release|Any CPU.Build.0 = Release|Any CPU
	EndGlobalSection
	GlobalSection(SolutionProperties) = preSolution
		HideSolutionNode = FALSE
	EndGlobalSection
	GlobalSection(ExtensibilityGlobals) = postSolution
		SolutionGuid = {C6EE3ADE-558D-476D-ACB2-5B02F25AECF0}
	EndGlobalSection
EndGlobal
