
Microsoft Visual Studio Solution File, Format Version 12.00
# Visual Studio Version 17
VisualStudioVersion = 17.8.34330.188
MinimumVisualStudioVersion = 10.0.40219.1
Project("{FAE04EC0-301F-11D3-BF4B-00C04F79EFBC}") = "C023_Ciklusok", "C023_Ciklusok\C023_Ciklusok.csproj", "{E5C29F48-55A2-4EBC-B80E-256E6047E7EB}"
EndProject
Global
	GlobalSection(SolutionConfigurationPlatforms) = preSolution
		Debug|Any CPU = Debug|Any CPU
		Release|Any CPU = Release|Any CPU
	EndGlobalSection
	GlobalSection(ProjectConfigurationPlatforms) = postSolution
		{E5C29F48-55A2-4EBC-B80E-256E6047E7EB}.Debug|Any CPU.ActiveCfg = Debug|Any CPU
		{E5C29F48-55A2-4EBC-B80E-256E6047E7EB}.Debug|Any CPU.Build.0 = Debug|Any CPU
		{E5C29F48-55A2-4EBC-B80E-256E6047E7EB}.Release|Any CPU.ActiveCfg = Release|Any CPU
		{E5C29F48-55A2-4EBC-B80E-256E6047E7EB}.Release|Any CPU.Build.0 = Release|Any CPU
	EndGlobalSection
	GlobalSection(SolutionProperties) = preSolution
		HideSolutionNode = FALSE
	EndGlobalSection
	GlobalSection(ExtensibilityGlobals) = postSolution
		SolutionGuid = {813FC104-28A2-4E4B-A36E-015A07E94A62}
	EndGlobalSection
EndGlobal
