
Microsoft Visual Studio Solution File, Format Version 12.00
# Visual Studio Version 17
VisualStudioVersion = 17.8.34330.188
MinimumVisualStudioVersion = 10.0.40219.1
Project("{FAE04EC0-301F-11D3-BF4B-00C04F79EFBC}") = "D036_Tombok", "D036_Tombok\D036_Tombok.csproj", "{A63A7B78-A5EE-4F47-A5A2-F5B4702BC51D}"
EndProject
Global
	GlobalSection(SolutionConfigurationPlatforms) = preSolution
		Debug|Any CPU = Debug|Any CPU
		Release|Any CPU = Release|Any CPU
	EndGlobalSection
	GlobalSection(ProjectConfigurationPlatforms) = postSolution
		{A63A7B78-A5EE-4F47-A5A2-F5B4702BC51D}.Debug|Any CPU.ActiveCfg = Debug|Any CPU
		{A63A7B78-A5EE-4F47-A5A2-F5B4702BC51D}.Debug|Any CPU.Build.0 = Debug|Any CPU
		{A63A7B78-A5EE-4F47-A5A2-F5B4702BC51D}.Release|Any CPU.ActiveCfg = Release|Any CPU
		{A63A7B78-A5EE-4F47-A5A2-F5B4702BC51D}.Release|Any CPU.Build.0 = Release|Any CPU
	EndGlobalSection
	GlobalSection(SolutionProperties) = preSolution
		HideSolutionNode = FALSE
	EndGlobalSection
	GlobalSection(ExtensibilityGlobals) = postSolution
		SolutionGuid = {0A7EFD92-E65C-4731-ACCE-05CA80D4C2E9}
	EndGlobalSection
EndGlobal
