
Microsoft Visual Studio Solution File, Format Version 12.00
# Visual Studio Version 17
VisualStudioVersion = 17.8.34330.188
MinimumVisualStudioVersion = 10.0.40219.1
Project("{FAE04EC0-301F-11D3-BF4B-00C04F79EFBC}") = "A07_Egyszeru_adat_ki_es_bevitel", "A07_Egyszeru_adat_ki_es_bevitel\A07_Egyszeru_adat_ki_es_bevitel.csproj", "{1F37277D-5CC6-4B5F-B782-6C425D9C1B83}"
EndProject
Global
	GlobalSection(SolutionConfigurationPlatforms) = preSolution
		Debug|Any CPU = Debug|Any CPU
		Release|Any CPU = Release|Any CPU
	EndGlobalSection
	GlobalSection(ProjectConfigurationPlatforms) = postSolution
		{1F37277D-5CC6-4B5F-B782-6C425D9C1B83}.Debug|Any CPU.ActiveCfg = Debug|Any CPU
		{1F37277D-5CC6-4B5F-B782-6C425D9C1B83}.Debug|Any CPU.Build.0 = Debug|Any CPU
		{1F37277D-5CC6-4B5F-B782-6C425D9C1B83}.Release|Any CPU.ActiveCfg = Release|Any CPU
		{1F37277D-5CC6-4B5F-B782-6C425D9C1B83}.Release|Any CPU.Build.0 = Release|Any CPU
	EndGlobalSection
	GlobalSection(SolutionProperties) = preSolution
		HideSolutionNode = FALSE
	EndGlobalSection
	GlobalSection(ExtensibilityGlobals) = postSolution
		SolutionGuid = {5666B2E4-2B9F-4AD6-A063-B29BC421AA07}
	EndGlobalSection
EndGlobal
