
Microsoft Visual Studio Solution File, Format Version 12.00
# Visual Studio Version 17
VisualStudioVersion = 17.8.34330.188
MinimumVisualStudioVersion = 10.0.40219.1
Project("{FAE04EC0-301F-11D3-BF4B-00C04F79EFBC}") = "D038_Tombok", "D038_Tombok\D038_Tombok.csproj", "{EA74FA9A-213A-45BF-87B9-8B698B7CF898}"
EndProject
Global
	GlobalSection(SolutionConfigurationPlatforms) = preSolution
		Debug|Any CPU = Debug|Any CPU
		Release|Any CPU = Release|Any CPU
	EndGlobalSection
	GlobalSection(ProjectConfigurationPlatforms) = postSolution
		{EA74FA9A-213A-45BF-87B9-8B698B7CF898}.Debug|Any CPU.ActiveCfg = Debug|Any CPU
		{EA74FA9A-213A-45BF-87B9-8B698B7CF898}.Debug|Any CPU.Build.0 = Debug|Any CPU
		{EA74FA9A-213A-45BF-87B9-8B698B7CF898}.Release|Any CPU.ActiveCfg = Release|Any CPU
		{EA74FA9A-213A-45BF-87B9-8B698B7CF898}.Release|Any CPU.Build.0 = Release|Any CPU
	EndGlobalSection
	GlobalSection(SolutionProperties) = preSolution
		HideSolutionNode = FALSE
	EndGlobalSection
	GlobalSection(ExtensibilityGlobals) = postSolution
		SolutionGuid = {09807166-8181-4D9B-B7AD-DFAE757E8A9A}
	EndGlobalSection
EndGlobal
