
Microsoft Visual Studio Solution File, Format Version 12.00
# Visual Studio Version 17
VisualStudioVersion = 17.8.34330.188
MinimumVisualStudioVersion = 10.0.40219.1
Project("{FAE04EC0-301F-11D3-BF4B-00C04F79EFBC}") = "I04_Primszamok_eloallitasa", "I04_Primszamok_eloallitasa\I04_Primszamok_eloallitasa.csproj", "{2A188724-0A2A-4082-BEFC-F2D1A1B40021}"
EndProject
Global
	GlobalSection(SolutionConfigurationPlatforms) = preSolution
		Debug|Any CPU = Debug|Any CPU
		Release|Any CPU = Release|Any CPU
	EndGlobalSection
	GlobalSection(ProjectConfigurationPlatforms) = postSolution
		{2A188724-0A2A-4082-BEFC-F2D1A1B40021}.Debug|Any CPU.ActiveCfg = Debug|Any CPU
		{2A188724-0A2A-4082-BEFC-F2D1A1B40021}.Debug|Any CPU.Build.0 = Debug|Any CPU
		{2A188724-0A2A-4082-BEFC-F2D1A1B40021}.Release|Any CPU.ActiveCfg = Release|Any CPU
		{2A188724-0A2A-4082-BEFC-F2D1A1B40021}.Release|Any CPU.Build.0 = Release|Any CPU
	EndGlobalSection
	GlobalSection(SolutionProperties) = preSolution
		HideSolutionNode = FALSE
	EndGlobalSection
	GlobalSection(ExtensibilityGlobals) = postSolution
		SolutionGuid = {2C0F164A-43BA-45CA-85C0-FAAFB79E8520}
	EndGlobalSection
EndGlobal
