
Microsoft Visual Studio Solution File, Format Version 12.00
# Visual Studio Version 17
VisualStudioVersion = 17.8.34330.188
MinimumVisualStudioVersion = 10.0.40219.1
Project("{FAE04EC0-301F-11D3-BF4B-00C04F79EFBC}") = "I012_Mobilszam_vizsgalo", "I012_Mobilszam_vizsgalo\I012_Mobilszam_vizsgalo.csproj", "{2ACA9F7D-F360-4FC2-96D2-B7ECAA311E29}"
EndProject
Global
	GlobalSection(SolutionConfigurationPlatforms) = preSolution
		Debug|Any CPU = Debug|Any CPU
		Release|Any CPU = Release|Any CPU
	EndGlobalSection
	GlobalSection(ProjectConfigurationPlatforms) = postSolution
		{2ACA9F7D-F360-4FC2-96D2-B7ECAA311E29}.Debug|Any CPU.ActiveCfg = Debug|Any CPU
		{2ACA9F7D-F360-4FC2-96D2-B7ECAA311E29}.Debug|Any CPU.Build.0 = Debug|Any CPU
		{2ACA9F7D-F360-4FC2-96D2-B7ECAA311E29}.Release|Any CPU.ActiveCfg = Release|Any CPU
		{2ACA9F7D-F360-4FC2-96D2-B7ECAA311E29}.Release|Any CPU.Build.0 = Release|Any CPU
	EndGlobalSection
	GlobalSection(SolutionProperties) = preSolution
		HideSolutionNode = FALSE
	EndGlobalSection
	GlobalSection(ExtensibilityGlobals) = postSolution
		SolutionGuid = {77AA04BF-E70E-4A1F-B3A6-20E4C00E6649}
	EndGlobalSection
EndGlobal
