
Microsoft Visual Studio Solution File, Format Version 12.00
# Visual Studio Version 17
VisualStudioVersion = 17.8.34330.188
MinimumVisualStudioVersion = 10.0.40219.1
Project("{FAE04EC0-301F-11D3-BF4B-00C04F79EFBC}") = "A05_Egyszeru_adat_ki_es_bevitel", "A05_Egyszeru_adat_ki_es_bevitel\A05_Egyszeru_adat_ki_es_bevitel.csproj", "{85C38E27-7388-4FF1-973C-3FC9C242AE5B}"
EndProject
Global
	GlobalSection(SolutionConfigurationPlatforms) = preSolution
		Debug|Any CPU = Debug|Any CPU
		Release|Any CPU = Release|Any CPU
	EndGlobalSection
	GlobalSection(ProjectConfigurationPlatforms) = postSolution
		{85C38E27-7388-4FF1-973C-3FC9C242AE5B}.Debug|Any CPU.ActiveCfg = Debug|Any CPU
		{85C38E27-7388-4FF1-973C-3FC9C242AE5B}.Debug|Any CPU.Build.0 = Debug|Any CPU
		{85C38E27-7388-4FF1-973C-3FC9C242AE5B}.Release|Any CPU.ActiveCfg = Release|Any CPU
		{85C38E27-7388-4FF1-973C-3FC9C242AE5B}.Release|Any CPU.Build.0 = Release|Any CPU
	EndGlobalSection
	GlobalSection(SolutionProperties) = preSolution
		HideSolutionNode = FALSE
	EndGlobalSection
	GlobalSection(ExtensibilityGlobals) = postSolution
		SolutionGuid = {BDF9B27D-B4F4-447D-A7A2-308DA86225EB}
	EndGlobalSection
EndGlobal
