
Microsoft Visual Studio Solution File, Format Version 12.00
# Visual Studio Version 17
VisualStudioVersion = 17.8.34330.188
MinimumVisualStudioVersion = 10.0.40219.1
Project("{FAE04EC0-301F-11D3-BF4B-00C04F79EFBC}") = "C02_Ciklusok", "C02_Ciklusok\C02_Ciklusok.csproj", "{BBCAD110-748A-4528-BECA-C3D97B0A4DFC}"
EndProject
Global
	GlobalSection(SolutionConfigurationPlatforms) = preSolution
		Debug|Any CPU = Debug|Any CPU
		Release|Any CPU = Release|Any CPU
	EndGlobalSection
	GlobalSection(ProjectConfigurationPlatforms) = postSolution
		{BBCAD110-748A-4528-BECA-C3D97B0A4DFC}.Debug|Any CPU.ActiveCfg = Debug|Any CPU
		{BBCAD110-748A-4528-BECA-C3D97B0A4DFC}.Debug|Any CPU.Build.0 = Debug|Any CPU
		{BBCAD110-748A-4528-BECA-C3D97B0A4DFC}.Release|Any CPU.ActiveCfg = Release|Any CPU
		{BBCAD110-748A-4528-BECA-C3D97B0A4DFC}.Release|Any CPU.Build.0 = Release|Any CPU
	EndGlobalSection
	GlobalSection(SolutionProperties) = preSolution
		HideSolutionNode = FALSE
	EndGlobalSection
	GlobalSection(ExtensibilityGlobals) = postSolution
		SolutionGuid = {343B059B-1FC3-43E1-B659-6B331029C154}
	EndGlobalSection
EndGlobal
