
Microsoft Visual Studio Solution File, Format Version 12.00
# Visual Studio Version 17
VisualStudioVersion = 17.8.34330.188
MinimumVisualStudioVersion = 10.0.40219.1
Project("{FAE04EC0-301F-11D3-BF4B-00C04F79EFBC}") = "B023_Szelekciok", "B023_Szelekciok\B023_Szelekciok.csproj", "{980BEF5E-AF11-4F91-9516-A450D66DAFE2}"
EndProject
Global
	GlobalSection(SolutionConfigurationPlatforms) = preSolution
		Debug|Any CPU = Debug|Any CPU
		Release|Any CPU = Release|Any CPU
	EndGlobalSection
	GlobalSection(ProjectConfigurationPlatforms) = postSolution
		{980BEF5E-AF11-4F91-9516-A450D66DAFE2}.Debug|Any CPU.ActiveCfg = Debug|Any CPU
		{980BEF5E-AF11-4F91-9516-A450D66DAFE2}.Debug|Any CPU.Build.0 = Debug|Any CPU
		{980BEF5E-AF11-4F91-9516-A450D66DAFE2}.Release|Any CPU.ActiveCfg = Release|Any CPU
		{980BEF5E-AF11-4F91-9516-A450D66DAFE2}.Release|Any CPU.Build.0 = Release|Any CPU
	EndGlobalSection
	GlobalSection(SolutionProperties) = preSolution
		HideSolutionNode = FALSE
	EndGlobalSection
	GlobalSection(ExtensibilityGlobals) = postSolution
		SolutionGuid = {974BF055-7DA6-44B2-972A-DB3F3313E765}
	EndGlobalSection
EndGlobal
