
Microsoft Visual Studio Solution File, Format Version 12.00
# Visual Studio Version 17
VisualStudioVersion = 17.8.34330.188
MinimumVisualStudioVersion = 10.0.40219.1
Project("{FAE04EC0-301F-11D3-BF4B-00C04F79EFBC}") = "A011_Egyszeru_adat_ki_es_bevitel", "A011_Egyszeru_adat_ki_es_bevitel\A011_Egyszeru_adat_ki_es_bevitel.csproj", "{A601E50C-2E9E-4BBD-8A0B-91889C877DA6}"
EndProject
Global
	GlobalSection(SolutionConfigurationPlatforms) = preSolution
		Debug|Any CPU = Debug|Any CPU
		Release|Any CPU = Release|Any CPU
	EndGlobalSection
	GlobalSection(ProjectConfigurationPlatforms) = postSolution
		{A601E50C-2E9E-4BBD-8A0B-91889C877DA6}.Debug|Any CPU.ActiveCfg = Debug|Any CPU
		{A601E50C-2E9E-4BBD-8A0B-91889C877DA6}.Debug|Any CPU.Build.0 = Debug|Any CPU
		{A601E50C-2E9E-4BBD-8A0B-91889C877DA6}.Release|Any CPU.ActiveCfg = Release|Any CPU
		{A601E50C-2E9E-4BBD-8A0B-91889C877DA6}.Release|Any CPU.Build.0 = Release|Any CPU
	EndGlobalSection
	GlobalSection(SolutionProperties) = preSolution
		HideSolutionNode = FALSE
	EndGlobalSection
	GlobalSection(ExtensibilityGlobals) = postSolution
		SolutionGuid = {73D46534-AD6B-49F1-8FB9-DF2A79EED706}
	EndGlobalSection
EndGlobal
