
Microsoft Visual Studio Solution File, Format Version 12.00
# Visual Studio Version 17
VisualStudioVersion = 17.8.34330.188
MinimumVisualStudioVersion = 10.0.40219.1
Project("{FAE04EC0-301F-11D3-BF4B-00C04F79EFBC}") = "B027_Szelekciok", "B027_Szelekciok\B027_Szelekciok.csproj", "{529F647F-D7AD-4CA7-8008-4697C0763AF1}"
EndProject
Global
	GlobalSection(SolutionConfigurationPlatforms) = preSolution
		Debug|Any CPU = Debug|Any CPU
		Release|Any CPU = Release|Any CPU
	EndGlobalSection
	GlobalSection(ProjectConfigurationPlatforms) = postSolution
		{529F647F-D7AD-4CA7-8008-4697C0763AF1}.Debug|Any CPU.ActiveCfg = Debug|Any CPU
		{529F647F-D7AD-4CA7-8008-4697C0763AF1}.Debug|Any CPU.Build.0 = Debug|Any CPU
		{529F647F-D7AD-4CA7-8008-4697C0763AF1}.Release|Any CPU.ActiveCfg = Release|Any CPU
		{529F647F-D7AD-4CA7-8008-4697C0763AF1}.Release|Any CPU.Build.0 = Release|Any CPU
	EndGlobalSection
	GlobalSection(SolutionProperties) = preSolution
		HideSolutionNode = FALSE
	EndGlobalSection
	GlobalSection(ExtensibilityGlobals) = postSolution
		SolutionGuid = {C025DDC2-CC3C-448C-836F-959D2C070D0C}
	EndGlobalSection
EndGlobal
