
Microsoft Visual Studio Solution File, Format Version 12.00
# Visual Studio Version 17
VisualStudioVersion = 17.8.34330.188
MinimumVisualStudioVersion = 10.0.40219.1
Project("{FAE04EC0-301F-11D3-BF4B-00C04F79EFBC}") = "C025_Ciklusok", "C025_Ciklusok\C025_Ciklusok.csproj", "{01F3E8B2-3D82-48A5-9FFF-599ED5715094}"
EndProject
Global
	GlobalSection(SolutionConfigurationPlatforms) = preSolution
		Debug|Any CPU = Debug|Any CPU
		Release|Any CPU = Release|Any CPU
	EndGlobalSection
	GlobalSection(ProjectConfigurationPlatforms) = postSolution
		{01F3E8B2-3D82-48A5-9FFF-599ED5715094}.Debug|Any CPU.ActiveCfg = Debug|Any CPU
		{01F3E8B2-3D82-48A5-9FFF-599ED5715094}.Debug|Any CPU.Build.0 = Debug|Any CPU
		{01F3E8B2-3D82-48A5-9FFF-599ED5715094}.Release|Any CPU.ActiveCfg = Release|Any CPU
		{01F3E8B2-3D82-48A5-9FFF-599ED5715094}.Release|Any CPU.Build.0 = Release|Any CPU
	EndGlobalSection
	GlobalSection(SolutionProperties) = preSolution
		HideSolutionNode = FALSE
	EndGlobalSection
	GlobalSection(ExtensibilityGlobals) = postSolution
		SolutionGuid = {BA24FD13-1B42-4C62-9B4F-FD397ECE05D2}
	EndGlobalSection
EndGlobal
