
Microsoft Visual Studio Solution File, Format Version 12.00
# Visual Studio Version 17
VisualStudioVersion = 17.8.34330.188
MinimumVisualStudioVersion = 10.0.40219.1
Project("{FAE04EC0-301F-11D3-BF4B-00C04F79EFBC}") = "B028_Szelekciok", "B028_Szelekciok\B028_Szelekciok.csproj", "{C4EC286F-35C7-4CF6-A555-573D364C945C}"
EndProject
Global
	GlobalSection(SolutionConfigurationPlatforms) = preSolution
		Debug|Any CPU = Debug|Any CPU
		Release|Any CPU = Release|Any CPU
	EndGlobalSection
	GlobalSection(ProjectConfigurationPlatforms) = postSolution
		{C4EC286F-35C7-4CF6-A555-573D364C945C}.Debug|Any CPU.ActiveCfg = Debug|Any CPU
		{C4EC286F-35C7-4CF6-A555-573D364C945C}.Debug|Any CPU.Build.0 = Debug|Any CPU
		{C4EC286F-35C7-4CF6-A555-573D364C945C}.Release|Any CPU.ActiveCfg = Release|Any CPU
		{C4EC286F-35C7-4CF6-A555-573D364C945C}.Release|Any CPU.Build.0 = Release|Any CPU
	EndGlobalSection
	GlobalSection(SolutionProperties) = preSolution
		HideSolutionNode = FALSE
	EndGlobalSection
	GlobalSection(ExtensibilityGlobals) = postSolution
		SolutionGuid = {FADA0D48-CC68-43F8-B637-E492491A5629}
	EndGlobalSection
EndGlobal
