
Microsoft Visual Studio Solution File, Format Version 12.00
# Visual Studio Version 17
VisualStudioVersion = 17.8.34330.188
MinimumVisualStudioVersion = 10.0.40219.1
Project("{FAE04EC0-301F-11D3-BF4B-00C04F79EFBC}") = "A02_Egyszeru_adat_ki_es_bevitel", "A02_Egyszeru_adat_ki_es_bevitel\A02_Egyszeru_adat_ki_es_bevitel.csproj", "{2A2208B5-9C27-43EB-8725-11F9F2D0BFB3}"
EndProject
Global
	GlobalSection(SolutionConfigurationPlatforms) = preSolution
		Debug|Any CPU = Debug|Any CPU
		Release|Any CPU = Release|Any CPU
	EndGlobalSection
	GlobalSection(ProjectConfigurationPlatforms) = postSolution
		{2A2208B5-9C27-43EB-8725-11F9F2D0BFB3}.Debug|Any CPU.ActiveCfg = Debug|Any CPU
		{2A2208B5-9C27-43EB-8725-11F9F2D0BFB3}.Debug|Any CPU.Build.0 = Debug|Any CPU
		{2A2208B5-9C27-43EB-8725-11F9F2D0BFB3}.Release|Any CPU.ActiveCfg = Release|Any CPU
		{2A2208B5-9C27-43EB-8725-11F9F2D0BFB3}.Release|Any CPU.Build.0 = Release|Any CPU
	EndGlobalSection
	GlobalSection(SolutionProperties) = preSolution
		HideSolutionNode = FALSE
	EndGlobalSection
	GlobalSection(ExtensibilityGlobals) = postSolution
		SolutionGuid = {87C5C3AF-4B80-4DD1-865C-4697165CE503}
	EndGlobalSection
EndGlobal
