
Microsoft Visual Studio Solution File, Format Version 12.00
# Visual Studio Version 17
VisualStudioVersion = 17.8.34330.188
MinimumVisualStudioVersion = 10.0.40219.1
Project("{FAE04EC0-301F-11D3-BF4B-00C04F79EFBC}") = "A012_Egyszeru_adat_ki_es_bevitel", "A012_Egyszeru_adat_ki_es_bevitel\A012_Egyszeru_adat_ki_es_bevitel.csproj", "{52E1C60E-B831-4536-94AC-34DF3ECF933F}"
EndProject
Global
	GlobalSection(SolutionConfigurationPlatforms) = preSolution
		Debug|Any CPU = Debug|Any CPU
		Release|Any CPU = Release|Any CPU
	EndGlobalSection
	GlobalSection(ProjectConfigurationPlatforms) = postSolution
		{52E1C60E-B831-4536-94AC-34DF3ECF933F}.Debug|Any CPU.ActiveCfg = Debug|Any CPU
		{52E1C60E-B831-4536-94AC-34DF3ECF933F}.Debug|Any CPU.Build.0 = Debug|Any CPU
		{52E1C60E-B831-4536-94AC-34DF3ECF933F}.Release|Any CPU.ActiveCfg = Release|Any CPU
		{52E1C60E-B831-4536-94AC-34DF3ECF933F}.Release|Any CPU.Build.0 = Release|Any CPU
	EndGlobalSection
	GlobalSection(SolutionProperties) = preSolution
		HideSolutionNode = FALSE
	EndGlobalSection
	GlobalSection(ExtensibilityGlobals) = postSolution
		SolutionGuid = {C012B713-8B32-40AD-88A5-425FC6DBF0A9}
	EndGlobalSection
EndGlobal
