
Microsoft Visual Studio Solution File, Format Version 12.00
# Visual Studio Version 17
VisualStudioVersion = 17.8.34330.188
MinimumVisualStudioVersion = 10.0.40219.1
Project("{FAE04EC0-301F-11D3-BF4B-00C04F79EFBC}") = "C05_Ciklusok", "C05_Ciklusok\C05_Ciklusok.csproj", "{E2B319AE-0010-4D6C-8E91-73D76330EAC6}"
EndProject
Global
	GlobalSection(SolutionConfigurationPlatforms) = preSolution
		Debug|Any CPU = Debug|Any CPU
		Release|Any CPU = Release|Any CPU
	EndGlobalSection
	GlobalSection(ProjectConfigurationPlatforms) = postSolution
		{E2B319AE-0010-4D6C-8E91-73D76330EAC6}.Debug|Any CPU.ActiveCfg = Debug|Any CPU
		{E2B319AE-0010-4D6C-8E91-73D76330EAC6}.Debug|Any CPU.Build.0 = Debug|Any CPU
		{E2B319AE-0010-4D6C-8E91-73D76330EAC6}.Release|Any CPU.ActiveCfg = Release|Any CPU
		{E2B319AE-0010-4D6C-8E91-73D76330EAC6}.Release|Any CPU.Build.0 = Release|Any CPU
	EndGlobalSection
	GlobalSection(SolutionProperties) = preSolution
		HideSolutionNode = FALSE
	EndGlobalSection
	GlobalSection(ExtensibilityGlobals) = postSolution
		SolutionGuid = {B9AECC05-80E1-497E-9CEA-BA8D12657EFB}
	EndGlobalSection
EndGlobal
