
Microsoft Visual Studio Solution File, Format Version 12.00
# Visual Studio Version 17
VisualStudioVersion = 17.8.34330.188
MinimumVisualStudioVersion = 10.0.40219.1
Project("{FAE04EC0-301F-11D3-BF4B-00C04F79EFBC}") = "G061_Datummal_es_idovel_kapcsolatos_feladatok", "G061_Datummal_es_idovel_kapcsolatos_feladatok\G061_Datummal_es_idovel_kapcsolatos_feladatok.csproj", "{46646509-B615-404E-93CC-969C8FC03029}"
EndProject
Global
	GlobalSection(SolutionConfigurationPlatforms) = preSolution
		Debug|Any CPU = Debug|Any CPU
		Release|Any CPU = Release|Any CPU
	EndGlobalSection
	GlobalSection(ProjectConfigurationPlatforms) = postSolution
		{46646509-B615-404E-93CC-969C8FC03029}.Debug|Any CPU.ActiveCfg = Debug|Any CPU
		{46646509-B615-404E-93CC-969C8FC03029}.Debug|Any CPU.Build.0 = Debug|Any CPU
		{46646509-B615-404E-93CC-969C8FC03029}.Release|Any CPU.ActiveCfg = Release|Any CPU
		{46646509-B615-404E-93CC-969C8FC03029}.Release|Any CPU.Build.0 = Release|Any CPU
	EndGlobalSection
	GlobalSection(SolutionProperties) = preSolution
		HideSolutionNode = FALSE
	EndGlobalSection
	GlobalSection(ExtensibilityGlobals) = postSolution
		SolutionGuid = {E3446D49-D7CC-4CF7-948A-7D4F97FA4E44}
	EndGlobalSection
EndGlobal
