
Microsoft Visual Studio Solution File, Format Version 12.00
# Visual Studio Version 17
VisualStudioVersion = 17.8.34330.188
MinimumVisualStudioVersion = 10.0.40219.1
Project("{FAE04EC0-301F-11D3-BF4B-00C04F79EFBC}") = "B032_Szelekciok", "B032_Szelekciok\B032_Szelekciok.csproj", "{40ECC84A-F533-434F-AA9D-FD0513ADE1DE}"
EndProject
Global
	GlobalSection(SolutionConfigurationPlatforms) = preSolution
		Debug|Any CPU = Debug|Any CPU
		Release|Any CPU = Release|Any CPU
	EndGlobalSection
	GlobalSection(ProjectConfigurationPlatforms) = postSolution
		{40ECC84A-F533-434F-AA9D-FD0513ADE1DE}.Debug|Any CPU.ActiveCfg = Debug|Any CPU
		{40ECC84A-F533-434F-AA9D-FD0513ADE1DE}.Debug|Any CPU.Build.0 = Debug|Any CPU
		{40ECC84A-F533-434F-AA9D-FD0513ADE1DE}.Release|Any CPU.ActiveCfg = Release|Any CPU
		{40ECC84A-F533-434F-AA9D-FD0513ADE1DE}.Release|Any CPU.Build.0 = Release|Any CPU
	EndGlobalSection
	GlobalSection(SolutionProperties) = preSolution
		HideSolutionNode = FALSE
	EndGlobalSection
	GlobalSection(ExtensibilityGlobals) = postSolution
		SolutionGuid = {EFAB8F83-9A7A-413A-B2E0-7E67821E9F32}
	EndGlobalSection
EndGlobal
