
Microsoft Visual Studio Solution File, Format Version 12.00
# Visual Studio Version 17
VisualStudioVersion = 17.8.34330.188
MinimumVisualStudioVersion = 10.0.40219.1
Project("{FAE04EC0-301F-11D3-BF4B-00C04F79EFBC}") = "I017_Szam_betuvel", "I017_Szam_betuvel\I017_Szam_betuvel.csproj", "{A6798326-B23D-4676-ACE1-70AB5E31E270}"
EndProject
Global
	GlobalSection(SolutionConfigurationPlatforms) = preSolution
		Debug|Any CPU = Debug|Any CPU
		Release|Any CPU = Release|Any CPU
	EndGlobalSection
	GlobalSection(ProjectConfigurationPlatforms) = postSolution
		{A6798326-B23D-4676-ACE1-70AB5E31E270}.Debug|Any CPU.ActiveCfg = Debug|Any CPU
		{A6798326-B23D-4676-ACE1-70AB5E31E270}.Debug|Any CPU.Build.0 = Debug|Any CPU
		{A6798326-B23D-4676-ACE1-70AB5E31E270}.Release|Any CPU.ActiveCfg = Release|Any CPU
		{A6798326-B23D-4676-ACE1-70AB5E31E270}.Release|Any CPU.Build.0 = Release|Any CPU
	EndGlobalSection
	GlobalSection(SolutionProperties) = preSolution
		HideSolutionNode = FALSE
	EndGlobalSection
	GlobalSection(ExtensibilityGlobals) = postSolution
		SolutionGuid = {0D38B012-47BC-4790-B74A-882084CF5CC1}
	EndGlobalSection
EndGlobal
