
Microsoft Visual Studio Solution File, Format Version 12.00
# Visual Studio Version 17
VisualStudioVersion = 17.8.34330.188
MinimumVisualStudioVersion = 10.0.40219.1
Project("{FAE04EC0-301F-11D3-BF4B-00C04F79EFBC}") = "C019_Ciklusok", "C019_Ciklusok\C019_Ciklusok.csproj", "{AE76F49D-A1AD-4040-A129-63F185FBB9CF}"
EndProject
Global
	GlobalSection(SolutionConfigurationPlatforms) = preSolution
		Debug|Any CPU = Debug|Any CPU
		Release|Any CPU = Release|Any CPU
	EndGlobalSection
	GlobalSection(ProjectConfigurationPlatforms) = postSolution
		{AE76F49D-A1AD-4040-A129-63F185FBB9CF}.Debug|Any CPU.ActiveCfg = Debug|Any CPU
		{AE76F49D-A1AD-4040-A129-63F185FBB9CF}.Debug|Any CPU.Build.0 = Debug|Any CPU
		{AE76F49D-A1AD-4040-A129-63F185FBB9CF}.Release|Any CPU.ActiveCfg = Release|Any CPU
		{AE76F49D-A1AD-4040-A129-63F185FBB9CF}.Release|Any CPU.Build.0 = Release|Any CPU
	EndGlobalSection
	GlobalSection(SolutionProperties) = preSolution
		HideSolutionNode = FALSE
	EndGlobalSection
	GlobalSection(ExtensibilityGlobals) = postSolution
		SolutionGuid = {2E234140-785B-4179-A819-2B93DD8797D7}
	EndGlobalSection
EndGlobal
