
Microsoft Visual Studio Solution File, Format Version 12.00
# Visual Studio Version 17
VisualStudioVersion = 17.8.34330.188
MinimumVisualStudioVersion = 10.0.40219.1
Project("{FAE04EC0-301F-11D3-BF4B-00C04F79EFBC}") = "I010_Binaris_szamot_decimalissa_alakit", "I010_Binaris_szamot_decimalissa_alakit\I010_Binaris_szamot_decimalissa_alakit.csproj", "{77619190-091F-4CF4-90BD-D3D7B780180D}"
EndProject
Global
	GlobalSection(SolutionConfigurationPlatforms) = preSolution
		Debug|Any CPU = Debug|Any CPU
		Release|Any CPU = Release|Any CPU
	EndGlobalSection
	GlobalSection(ProjectConfigurationPlatforms) = postSolution
		{77619190-091F-4CF4-90BD-D3D7B780180D}.Debug|Any CPU.ActiveCfg = Debug|Any CPU
		{77619190-091F-4CF4-90BD-D3D7B780180D}.Debug|Any CPU.Build.0 = Debug|Any CPU
		{77619190-091F-4CF4-90BD-D3D7B780180D}.Release|Any CPU.ActiveCfg = Release|Any CPU
		{77619190-091F-4CF4-90BD-D3D7B780180D}.Release|Any CPU.Build.0 = Release|Any CPU
	EndGlobalSection
	GlobalSection(SolutionProperties) = preSolution
		HideSolutionNode = FALSE
	EndGlobalSection
	GlobalSection(ExtensibilityGlobals) = postSolution
		SolutionGuid = {D139DA1A-7992-452B-A296-0C7BBFE30329}
	EndGlobalSection
EndGlobal
